
Microsoft Visual Studio Solution File, Format Version 12.00
# Visual Studio Version 16
VisualStudioVersion = 16.0.29209.152
MinimumVisualStudioVersion = 10.0.40219.1
Project("{FAE04EC0-301F-11D3-BF4B-00C04F79EFBC}") = "BlazorStyledPlusSyncFusion", "BlazorStyledPlusSyncFusion\BlazorStyledPlusSyncFusion.csproj", "{771135F4-7427-40F8-A892-AAA9A1DA9682}"
EndProject
Global
	GlobalSection(SolutionConfigurationPlatforms) = preSolution
		Debug|Any CPU = Debug|Any CPU
		Release|Any CPU = Release|Any CPU
	EndGlobalSection
	GlobalSection(ProjectConfigurationPlatforms) = postSolution
		{771135F4-7427-40F8-A892-AAA9A1DA9682}.Debug|Any CPU.ActiveCfg = Debug|Any CPU
		{771135F4-7427-40F8-A892-AAA9A1DA9682}.Debug|Any CPU.Build.0 = Debug|Any CPU
		{771135F4-7427-40F8-A892-AAA9A1DA9682}.Release|Any CPU.ActiveCfg = Release|Any CPU
		{771135F4-7427-40F8-A892-AAA9A1DA9682}.Release|Any CPU.Build.0 = Release|Any CPU
	EndGlobalSection
	GlobalSection(SolutionProperties) = preSolution
		HideSolutionNode = FALSE
	EndGlobalSection
	GlobalSection(ExtensibilityGlobals) = postSolution
		SolutionGuid = {DD0793AB-5F2C-440F-A72E-4105C9C32557}
	EndGlobalSection
EndGlobal
